
Microsoft Visual Studio Solution File, Format Version 12.00
# Visual Studio Version 17
VisualStudioVersion = 17.2.32630.192
MinimumVisualStudioVersion = 10.0.40219.1
Project("{FAE04EC0-301F-11D3-BF4B-00C04F79EFBC}") = "HW2", "HW2.csproj", "{7A2B9C6D-68F4-4EF3-97AB-F496D1A9429B}"
EndProject
Global
	GlobalSection(SolutionConfigurationPlatforms) = preSolution
		Debug|Any CPU = Debug|Any CPU
		Release|Any CPU = Release|Any CPU
	EndGlobalSection
	GlobalSection(ProjectConfigurationPlatforms) = postSolution
		{7A2B9C6D-68F4-4EF3-97AB-F496D1A9429B}.Debug|Any CPU.ActiveCfg = Debug|Any CPU
		{7A2B9C6D-68F4-4EF3-97AB-F496D1A9429B}.Debug|Any CPU.Build.0 = Debug|Any CPU
		{7A2B9C6D-68F4-4EF3-97AB-F496D1A9429B}.Release|Any CPU.ActiveCfg = Release|Any CPU
		{7A2B9C6D-68F4-4EF3-97AB-F496D1A9429B}.Release|Any CPU.Build.0 = Release|Any CPU
	EndGlobalSection
	GlobalSection(SolutionProperties) = preSolution
		HideSolutionNode = FALSE
	EndGlobalSection
	GlobalSection(ExtensibilityGlobals) = postSolution
		SolutionGuid = {7A1A2326-99C0-4B8A-99A1-E138749C6ED1}
	EndGlobalSection
EndGlobal
